
Microsoft Visual Studio Solution File, Format Version 12.00
# Visual Studio 15
VisualStudioVersion = 15.0.26430.16
MinimumVisualStudioVersion = 10.0.40219.1
Project("{FAE04EC0-301F-11D3-BF4B-00C04F79EFBC}") = "BE", "FinalProject\BE.csproj", "{12ECB92C-8B25-4CD3-A3E3-7E4197E4240E}"
EndProject
Project("{FAE04EC0-301F-11D3-BF4B-00C04F79EFBC}") = "BL", "ConsoleApp1\BL.csproj", "{46220FBD-303D-43F6-8A0C-2E322837BBEE}"
EndProject
Project("{FAE04EC0-301F-11D3-BF4B-00C04F79EFBC}") = "PL", "PL\PL.csproj", "{815ECEA0-8684-4F01-8B70-73652BC3B984}"
EndProject
Project("{FAE04EC0-301F-11D3-BF4B-00C04F79EFBC}") = "DAL_final", "DAL-final\DAL_final.csproj", "{5EA14EB1-A7C6-4D1F-BAD3-0CEFAA9BB6F3}"
EndProject
Project("{FAE04EC0-301F-11D3-BF4B-00C04F79EFBC}") = "DS_final", "DS_final\DS_final.csproj", "{426999FF-D80B-4E93-820C-8024FDAEB1D8}"
EndProject
Project("{FAE04EC0-301F-11D3-BF4B-00C04F79EFBC}") = "PLWPF", "PLWPF\PLWPF.csproj", "{5BF955B7-6A07-45ED-9FC8-A0ACF181AE48}"
EndProject
Global
	GlobalSection(SolutionConfigurationPlatforms) = preSolution
		Debug|Any CPU = Debug|Any CPU
		Debug|ARM = Debug|ARM
		Debug|x64 = Debug|x64
		Debug|x86 = Debug|x86
		Release|Any CPU = Release|Any CPU
		Release|ARM = Release|ARM
		Release|x64 = Release|x64
		Release|x86 = Release|x86
	EndGlobalSection
	GlobalSection(ProjectConfigurationPlatforms) = postSolution
		{12ECB92C-8B25-4CD3-A3E3-7E4197E4240E}.Debug|Any CPU.ActiveCfg = Debug|Any CPU
		{12ECB92C-8B25-4CD3-A3E3-7E4197E4240E}.Debug|Any CPU.Build.0 = Debug|Any CPU
		{12ECB92C-8B25-4CD3-A3E3-7E4197E4240E}.Debug|ARM.ActiveCfg = Debug|Any CPU
		{12ECB92C-8B25-4CD3-A3E3-7E4197E4240E}.Debug|ARM.Build.0 = Debug|Any CPU
		{12ECB92C-8B25-4CD3-A3E3-7E4197E4240E}.Debug|x64.ActiveCfg = Debug|Any CPU
		{12ECB92C-8B25-4CD3-A3E3-7E4197E4240E}.Debug|x64.Build.0 = Debug|Any CPU
		{12ECB92C-8B25-4CD3-A3E3-7E4197E4240E}.Debug|x86.ActiveCfg = Debug|Any CPU
		{12ECB92C-8B25-4CD3-A3E3-7E4197E4240E}.Debug|x86.Build.0 = Debug|Any CPU
		{12ECB92C-8B25-4CD3-A3E3-7E4197E4240E}.Release|Any CPU.ActiveCfg = Release|Any CPU
		{12ECB92C-8B25-4CD3-A3E3-7E4197E4240E}.Release|Any CPU.Build.0 = Release|Any CPU
		{12ECB92C-8B25-4CD3-A3E3-7E4197E4240E}.Release|ARM.ActiveCfg = Release|Any CPU
		{12ECB92C-8B25-4CD3-A3E3-7E4197E4240E}.Release|ARM.Build.0 = Release|Any CPU
		{12ECB92C-8B25-4CD3-A3E3-7E4197E4240E}.Release|x64.ActiveCfg = Release|Any CPU
		{12ECB92C-8B25-4CD3-A3E3-7E4197E4240E}.Release|x64.Build.0 = Release|Any CPU
		{12ECB92C-8B25-4CD3-A3E3-7E4197E4240E}.Release|x86.ActiveCfg = Release|Any CPU
		{12ECB92C-8B25-4CD3-A3E3-7E4197E4240E}.Release|x86.Build.0 = Release|Any CPU
		{46220FBD-303D-43F6-8A0C-2E322837BBEE}.Debug|Any CPU.ActiveCfg = Debug|Any CPU
		{46220FBD-303D-43F6-8A0C-2E322837BBEE}.Debug|Any CPU.Build.0 = Debug|Any CPU
		{46220FBD-303D-43F6-8A0C-2E322837BBEE}.Debug|ARM.ActiveCfg = Debug|Any CPU
		{46220FBD-303D-43F6-8A0C-2E322837BBEE}.Debug|ARM.Build.0 = Debug|Any CPU
		{46220FBD-303D-43F6-8A0C-2E322837BBEE}.Debug|x64.ActiveCfg = Debug|Any CPU
		{46220FBD-303D-43F6-8A0C-2E322837BBEE}.Debug|x64.Build.0 = Debug|Any CPU
		{46220FBD-303D-43F6-8A0C-2E322837BBEE}.Debug|x86.ActiveCfg = Debug|Any CPU
		{46220FBD-303D-43F6-8A0C-2E322837BBEE}.Debug|x86.Build.0 = Debug|Any CPU
		{46220FBD-303D-43F6-8A0C-2E322837BBEE}.Release|Any CPU.ActiveCfg = Release|Any CPU
		{46220FBD-303D-43F6-8A0C-2E322837BBEE}.Release|Any CPU.Build.0 = Release|Any CPU
		{46220FBD-303D-43F6-8A0C-2E322837BBEE}.Release|ARM.ActiveCfg = Release|Any CPU
		{46220FBD-303D-43F6-8A0C-2E322837BBEE}.Release|ARM.Build.0 = Release|Any CPU
		{46220FBD-303D-43F6-8A0C-2E322837BBEE}.Release|x64.ActiveCfg = Release|Any CPU
		{46220FBD-303D-43F6-8A0C-2E322837BBEE}.Release|x64.Build.0 = Release|Any CPU
		{46220FBD-303D-43F6-8A0C-2E322837BBEE}.Release|x86.ActiveCfg = Release|Any CPU
		{46220FBD-303D-43F6-8A0C-2E322837BBEE}.Release|x86.Build.0 = Release|Any CPU
		{815ECEA0-8684-4F01-8B70-73652BC3B984}.Debug|Any CPU.ActiveCfg = Debug|Any CPU
		{815ECEA0-8684-4F01-8B70-73652BC3B984}.Debug|Any CPU.Build.0 = Debug|Any CPU
		{815ECEA0-8684-4F01-8B70-73652BC3B984}.Debug|ARM.ActiveCfg = Debug|Any CPU
		{815ECEA0-8684-4F01-8B70-73652BC3B984}.Debug|ARM.Build.0 = Debug|Any CPU
		{815ECEA0-8684-4F01-8B70-73652BC3B984}.Debug|x64.ActiveCfg = Debug|Any CPU
		{815ECEA0-8684-4F01-8B70-73652BC3B984}.Debug|x64.Build.0 = Debug|Any CPU
		{815ECEA0-8684-4F01-8B70-73652BC3B984}.Debug|x86.ActiveCfg = Debug|Any CPU
		{815ECEA0-8684-4F01-8B70-73652BC3B984}.Debug|x86.Build.0 = Debug|Any CPU
		{815ECEA0-8684-4F01-8B70-73652BC3B984}.Release|Any CPU.ActiveCfg = Release|Any CPU
		{815ECEA0-8684-4F01-8B70-73652BC3B984}.Release|Any CPU.Build.0 = Release|Any CPU
		{815ECEA0-8684-4F01-8B70-73652BC3B984}.Release|ARM.ActiveCfg = Release|Any CPU
		{815ECEA0-8684-4F01-8B70-73652BC3B984}.Release|ARM.Build.0 = Release|Any CPU
		{815ECEA0-8684-4F01-8B70-73652BC3B984}.Release|x64.ActiveCfg = Release|Any CPU
		{815ECEA0-8684-4F01-8B70-73652BC3B984}.Release|x64.Build.0 = Release|Any CPU
		{815ECEA0-8684-4F01-8B70-73652BC3B984}.Release|x86.ActiveCfg = Release|Any CPU
		{815ECEA0-8684-4F01-8B70-73652BC3B984}.Release|x86.Build.0 = Release|Any CPU
		{5EA14EB1-A7C6-4D1F-BAD3-0CEFAA9BB6F3}.Debug|Any CPU.ActiveCfg = Debug|Any CPU
		{5EA14EB1-A7C6-4D1F-BAD3-0CEFAA9BB6F3}.Debug|Any CPU.Build.0 = Debug|Any CPU
		{5EA14EB1-A7C6-4D1F-BAD3-0CEFAA9BB6F3}.Debug|ARM.ActiveCfg = Debug|Any CPU
		{5EA14EB1-A7C6-4D1F-BAD3-0CEFAA9BB6F3}.Debug|ARM.Build.0 = Debug|Any CPU
		{5EA14EB1-A7C6-4D1F-BAD3-0CEFAA9BB6F3}.Debug|x64.ActiveCfg = Debug|Any CPU
		{5EA14EB1-A7C6-4D1F-BAD3-0CEFAA9BB6F3}.Debug|x64.Build.0 = Debug|Any CPU
		{5EA14EB1-A7C6-4D1F-BAD3-0CEFAA9BB6F3}.Debug|x86.ActiveCfg = Debug|Any CPU
		{5EA14EB1-A7C6-4D1F-BAD3-0CEFAA9BB6F3}.Debug|x86.Build.0 = Debug|Any CPU
		{5EA14EB1-A7C6-4D1F-BAD3-0CEFAA9BB6F3}.Release|Any CPU.ActiveCfg = Release|Any CPU
		{5EA14EB1-A7C6-4D1F-BAD3-0CEFAA9BB6F3}.Release|Any CPU.Build.0 = Release|Any CPU
		{5EA14EB1-A7C6-4D1F-BAD3-0CEFAA9BB6F3}.Release|ARM.ActiveCfg = Release|Any CPU
		{5EA14EB1-A7C6-4D1F-BAD3-0CEFAA9BB6F3}.Release|ARM.Build.0 = Release|Any CPU
		{5EA14EB1-A7C6-4D1F-BAD3-0CEFAA9BB6F3}.Release|x64.ActiveCfg = Release|Any CPU
		{5EA14EB1-A7C6-4D1F-BAD3-0CEFAA9BB6F3}.Release|x64.Build.0 = Release|Any CPU
		{5EA14EB1-A7C6-4D1F-BAD3-0CEFAA9BB6F3}.Release|x86.ActiveCfg = Release|Any CPU
		{5EA14EB1-A7C6-4D1F-BAD3-0CEFAA9BB6F3}.Release|x86.Build.0 = Release|Any CPU
		{426999FF-D80B-4E93-820C-8024FDAEB1D8}.Debug|Any CPU.ActiveCfg = Debug|Any CPU
		{426999FF-D80B-4E93-820C-8024FDAEB1D8}.Debug|Any CPU.Build.0 = Debug|Any CPU
		{426999FF-D80B-4E93-820C-8024FDAEB1D8}.Debug|ARM.ActiveCfg = Debug|Any CPU
		{426999FF-D80B-4E93-820C-8024FDAEB1D8}.Debug|ARM.Build.0 = Debug|Any CPU
		{426999FF-D80B-4E93-820C-8024FDAEB1D8}.Debug|x64.ActiveCfg = Debug|Any CPU
		{426999FF-D80B-4E93-820C-8024FDAEB1D8}.Debug|x64.Build.0 = Debug|Any CPU
		{426999FF-D80B-4E93-820C-8024FDAEB1D8}.Debug|x86.ActiveCfg = Debug|Any CPU
		{426999FF-D80B-4E93-820C-8024FDAEB1D8}.Debug|x86.Build.0 = Debug|Any CPU
		{426999FF-D80B-4E93-820C-8024FDAEB1D8}.Release|Any CPU.ActiveCfg = Release|Any CPU
		{426999FF-D80B-4E93-820C-8024FDAEB1D8}.Release|Any CPU.Build.0 = Release|Any CPU
		{426999FF-D80B-4E93-820C-8024FDAEB1D8}.Release|ARM.ActiveCfg = Release|Any CPU
		{426999FF-D80B-4E93-820C-8024FDAEB1D8}.Release|ARM.Build.0 = Release|Any CPU
		{426999FF-D80B-4E93-820C-8024FDAEB1D8}.Release|x64.ActiveCfg = Release|Any CPU
		{426999FF-D80B-4E93-820C-8024FDAEB1D8}.Release|x64.Build.0 = Release|Any CPU
		{426999FF-D80B-4E93-820C-8024FDAEB1D8}.Release|x86.ActiveCfg = Release|Any CPU
		{426999FF-D80B-4E93-820C-8024FDAEB1D8}.Release|x86.Build.0 = Release|Any CPU
		{5BF955B7-6A07-45ED-9FC8-A0ACF181AE48}.Debug|Any CPU.ActiveCfg = Debug|Any CPU
		{5BF955B7-6A07-45ED-9FC8-A0ACF181AE48}.Debug|Any CPU.Build.0 = Debug|Any CPU
		{5BF955B7-6A07-45ED-9FC8-A0ACF181AE48}.Debug|ARM.ActiveCfg = Debug|Any CPU
		{5BF955B7-6A07-45ED-9FC8-A0ACF181AE48}.Debug|ARM.Build.0 = Debug|Any CPU
		{5BF955B7-6A07-45ED-9FC8-A0ACF181AE48}.Debug|x64.ActiveCfg = Debug|Any CPU
		{5BF955B7-6A07-45ED-9FC8-A0ACF181AE48}.Debug|x64.Build.0 = Debug|Any CPU
		{5BF955B7-6A07-45ED-9FC8-A0ACF181AE48}.Debug|x86.ActiveCfg = Debug|Any CPU
		{5BF955B7-6A07-45ED-9FC8-A0ACF181AE48}.Debug|x86.Build.0 = Debug|Any CPU
		{5BF955B7-6A07-45ED-9FC8-A0ACF181AE48}.Release|Any CPU.ActiveCfg = Release|Any CPU
		{5BF955B7-6A07-45ED-9FC8-A0ACF181AE48}.Release|Any CPU.Build.0 = Release|Any CPU
		{5BF955B7-6A07-45ED-9FC8-A0ACF181AE48}.Release|ARM.ActiveCfg = Release|Any CPU
		{5BF955B7-6A07-45ED-9FC8-A0ACF181AE48}.Release|ARM.Build.0 = Release|Any CPU
		{5BF955B7-6A07-45ED-9FC8-A0ACF181AE48}.Release|x64.ActiveCfg = Release|Any CPU
		{5BF955B7-6A07-45ED-9FC8-A0ACF181AE48}.Release|x64.Build.0 = Release|Any CPU
		{5BF955B7-6A07-45ED-9FC8-A0ACF181AE48}.Release|x86.ActiveCfg = Release|Any CPU
		{5BF955B7-6A07-45ED-9FC8-A0ACF181AE48}.Release|x86.Build.0 = Release|Any CPU
	EndGlobalSection
	GlobalSection(SolutionProperties) = preSolution
		HideSolutionNode = FALSE
	EndGlobalSection
EndGlobal
